
Microsoft Visual Studio Solution File, Format Version 12.00
# Visual Studio Version 17
VisualStudioVersion = 17.5.33414.496
MinimumVisualStudioVersion = 10.0.40219.1
Project("{FAE04EC0-301F-11D3-BF4B-00C04F79EFBC}") = "P2_2020_CP_601_2020_GH_601_2020_CG_650", "P2_2020_CP_601_2020_GH_601_2020_CG_650\P2_2020_CP_601_2020_GH_601_2020_CG_650.csproj", "{5909C1F1-37C5-4760-8ED1-DA650E68C24B}"
EndProject
Global
	GlobalSection(SolutionConfigurationPlatforms) = preSolution
		Debug|Any CPU = Debug|Any CPU
		Release|Any CPU = Release|Any CPU
	EndGlobalSection
	GlobalSection(ProjectConfigurationPlatforms) = postSolution
		{5909C1F1-37C5-4760-8ED1-DA650E68C24B}.Debug|Any CPU.ActiveCfg = Debug|Any CPU
		{5909C1F1-37C5-4760-8ED1-DA650E68C24B}.Debug|Any CPU.Build.0 = Debug|Any CPU
		{5909C1F1-37C5-4760-8ED1-DA650E68C24B}.Release|Any CPU.ActiveCfg = Release|Any CPU
		{5909C1F1-37C5-4760-8ED1-DA650E68C24B}.Release|Any CPU.Build.0 = Release|Any CPU
	EndGlobalSection
	GlobalSection(SolutionProperties) = preSolution
		HideSolutionNode = FALSE
	EndGlobalSection
	GlobalSection(ExtensibilityGlobals) = postSolution
		SolutionGuid = {E898084D-04C6-460D-BA7A-560F870E105D}
	EndGlobalSection
EndGlobal
